
Microsoft Visual Studio Solution File, Format Version 12.00
# Visual Studio 14
VisualStudioVersion = 14.0.23107.0
MinimumVisualStudioVersion = 10.0.40219.1
Project("{FAE04EC0-301F-11D3-BF4B-00C04F79EFBC}") = "WindowsFormsApplication6", "WindowsFormsApplication6\WindowsFormsApplication6.csproj", "{1D018378-6317-441E-A8F3-70A2F7C16F23}"
EndProject
Project("{54435603-DBB4-11D2-8724-00A0C9A8B90C}") = "Setup1", "Setup1\Setup1.vdproj", "{142D21BD-856B-43A9-92E4-80E1D8879C30}"
EndProject
Global
	GlobalSection(SolutionConfigurationPlatforms) = preSolution
		Debug|Any CPU = Debug|Any CPU
		Release|Any CPU = Release|Any CPU
	EndGlobalSection
	GlobalSection(ProjectConfigurationPlatforms) = postSolution
		{1D018378-6317-441E-A8F3-70A2F7C16F23}.Debug|Any CPU.ActiveCfg = Debug|Any CPU
		{1D018378-6317-441E-A8F3-70A2F7C16F23}.Debug|Any CPU.Build.0 = Debug|Any CPU
		{1D018378-6317-441E-A8F3-70A2F7C16F23}.Release|Any CPU.ActiveCfg = Release|Any CPU
		{1D018378-6317-441E-A8F3-70A2F7C16F23}.Release|Any CPU.Build.0 = Release|Any CPU
		{142D21BD-856B-43A9-92E4-80E1D8879C30}.Debug|Any CPU.ActiveCfg = Debug
		{142D21BD-856B-43A9-92E4-80E1D8879C30}.Release|Any CPU.ActiveCfg = Release
	EndGlobalSection
	GlobalSection(SolutionProperties) = preSolution
		HideSolutionNode = FALSE
	EndGlobalSection
EndGlobal
